
Microsoft Visual Studio Solution File, Format Version 12.00
# Visual Studio Version 17
VisualStudioVersion = 17.9.34414.90
MinimumVisualStudioVersion = 10.0.40219.1
Project("{FAE04EC0-301F-11D3-BF4B-00C04F79EFBC}") = "lab0task4", "lab0task4.csproj", "{548E3449-FF7D-4FE4-94C4-1D65AFE93C0B}"
EndProject
Global
	GlobalSection(SolutionConfigurationPlatforms) = preSolution
		Debug|Any CPU = Debug|Any CPU
		Release|Any CPU = Release|Any CPU
	EndGlobalSection
	GlobalSection(ProjectConfigurationPlatforms) = postSolution
		{548E3449-FF7D-4FE4-94C4-1D65AFE93C0B}.Debug|Any CPU.ActiveCfg = Debug|Any CPU
		{548E3449-FF7D-4FE4-94C4-1D65AFE93C0B}.Debug|Any CPU.Build.0 = Debug|Any CPU
		{548E3449-FF7D-4FE4-94C4-1D65AFE93C0B}.Release|Any CPU.ActiveCfg = Release|Any CPU
		{548E3449-FF7D-4FE4-94C4-1D65AFE93C0B}.Release|Any CPU.Build.0 = Release|Any CPU
	EndGlobalSection
	GlobalSection(SolutionProperties) = preSolution
		HideSolutionNode = FALSE
	EndGlobalSection
	GlobalSection(ExtensibilityGlobals) = postSolution
		SolutionGuid = {7E796F17-0B5A-4E49-A885-6360125019DD}
	EndGlobalSection
EndGlobal
